{
  "requires": true,
  "lockfileVersion": 1,
  "dependencies": {
    "body-parser": {
      "version": "1.18.3",
      "resolved": "https://registry.npmjs.org/body-parser/-/body-parser-1.18.3.tgz",
      "integrity": "sha1-WykhmP/dVTs6DyDe0FkrlWlVyLQ=",
      "dev": true,
      "requires": {
        "bytes": "3.0.0",
        "content-type": "~1.0.4",
        "http-errors": "~1.6.3",
        "iconv-lite": "0.4.23",
        "on-finished": "~2.3.0",
        "qs": "6.5.2",
        "raw-body": "2.3.3",
        "type-is": "~1.6.16"
      },
      "dependencies": {
        "bytes": {
          "version": "3.0.0",
          "resolved": "https://registry.npmjs.org/bytes/-/bytes-3.0.0.tgz",
          "integrity": "sha1-0ygVQE1olpn4Wk6k+odV3ROpYEg=",
          "dev": true
        },
        "iconv-lite": {
          "version": "0.4.23",
          "resolved": "https://registry.npmjs.org/iconv-lite/-/iconv-lite-0.4.23.tgz",
          "integrity": "sha512-neyTUVFtahjf0mB3dZT77u+8O0QB89jFdnBkd5P1JgYPbPaia3gXXOVL2fq8VyU2gMMD7SaN7QukTB/pmXYvDA==",
          "dev": true,
          "requires": {
            "safer-buffer": ">= 2.1.2 < 3"
          }
        },
        "raw-body": {
          "version": "2.3.3",
          "resolved": "https://registry.npmjs.org/raw-body/-/raw-body-2.3.3.tgz",
          "integrity": "sha512-9esiElv1BrZoI3rCDuOuKCBRbuApGGaDPQfjSflGxdy4oyzqghxu6klEkkVIvBje+FF0BX9coEv8KqW6X/7njw==",
          "dev": true,
          "requires": {
            "bytes": "3.0.0",
            "http-errors": "1.6.3",
            "iconv-lite": "0.4.23",
            "unpipe": "1.0.0"
          }
        },
        "type-is": {
          "version": "1.6.16",
          "resolved": "https://registry.npmjs.org/type-is/-/type-is-1.6.16.tgz",
          "integrity": "sha512-HRkVv/5qY2G6I8iab9cI7v1bOIdhm94dVjQCPFElW9W+3GeDOSHmy2EBYe4VTApuzolPcmgFTN3ftVJRKR2J9Q==",
          "dev": true,
          "requires": {
            "media-typer": "0.3.0"
          }
        }
      }
    },
    "content-type": {
      "version": "1.0.4",
      "resolved": "https://registry.npmjs.org/content-type/-/content-type-1.0.4.tgz",
      "integrity": "sha512-hIP3EEPs8tB9AT1L+NUqtwOAps4mk2Zob89MWXMHjHWg9milF/j4osnnQLXBCBFBk/tvIG/tUc9mOUJiPBhPXA==",
      "dev": true
    },
    "gulp-sass": {
      "version": "4.0.2",
      "resolved": "http://registry.npm.taobao.org/gulp-sass/download/gulp-sass-4.0.2.tgz",
      "dev": true,
      "dependencies": {
        "chalk": {
          "version": "http://registry.npm.taobao.org/chalk/download/chalk-2.4.1.tgz",
          "bundled": true
        },
        "lodash.clonedeep": {
          "version": "http://registry.npm.taobao.org/lodash.clonedeep/download/lodash.clonedeep-4.5.0.tgz",
          "bundled": true
        },
        "node-sass": {
          "version": "http://registry.npm.taobao.org/node-sass/download/node-sass-4.9.4.tgz",
          "bundled": true
        },
        "plugin-error": {
          "version": "http://registry.npm.taobao.org/plugin-error/download/plugin-error-1.0.1.tgz",
          "bundled": true
        },
        "replace-ext": {
          "version": "http://registry.npm.taobao.org/replace-ext/download/replace-ext-1.0.0.tgz",
          "bundled": true
        },
        "strip-ansi": {
          "version": "http://registry.npm.taobao.org/strip-ansi/download/strip-ansi-4.0.0.tgz",
          "bundled": true,
          "dependencies": {
            "ansi-regex": {
              "version": "http://registry.npm.taobao.org/ansi-regex/download/ansi-regex-3.0.0.tgz",
              "bundled": true
            }
          }
        },
        "through2": {
          "version": "http://registry.npm.taobao.org/through2/download/through2-2.0.3.tgz",
          "bundled": true
        },
        "vinyl-sourcemaps-apply": {
          "version": "http://registry.npm.taobao.org/vinyl-sourcemaps-apply/download/vinyl-sourcemaps-apply-0.2.1.tgz",
          "bundled": true,
          "dependencies": {
            "source-map": {
              "version": "http://registry.npm.taobao.org/source-map/download/source-map-0.5.7.tgz",
              "bundled": true
            }
          }
        }
      }
    },
    "gulp-uglify": {
      "version": "3.0.1",
      "resolved": "http://registry.npm.taobao.org/gulp-uglify/download/gulp-uglify-3.0.1.tgz",
      "dev": true,
      "dependencies": {
        "gulplog": {
          "version": "http://registry.npm.taobao.org/gulplog/download/gulplog-1.0.0.tgz"
        },
        "has-gulplog": {
          "version": "http://registry.npm.taobao.org/has-gulplog/download/has-gulplog-0.1.0.tgz"
        },
        "lodash": {
          "version": "http://registry.npm.taobao.org/lodash/download/lodash-4.17.11.tgz"
        },
        "make-error-cause": {
          "version": "http://registry.npm.taobao.org/make-error-cause/download/make-error-cause-1.2.2.tgz"
        },
        "safe-buffer": {
          "version": "http://registry.npm.taobao.org/safe-buffer/download/safe-buffer-5.1.2.tgz"
        },
        "through2": {
          "version": "http://registry.npm.taobao.org/through2/download/through2-2.0.3.tgz",
          "dependencies": {
            "readable-stream": {
              "version": "http://registry.npm.taobao.org/readable-stream/download/readable-stream-2.3.6.tgz"
            },
            "xtend": {
              "version": "http://registry.npm.taobao.org/xtend/download/xtend-4.0.1.tgz"
            }
          }
        },
        "uglify-js": {
          "version": "http://registry.npm.taobao.org/uglify-js/download/uglify-js-3.4.9.tgz"
        },
        "vinyl-sourcemaps-apply": {
          "version": "http://registry.npm.taobao.org/vinyl-sourcemaps-apply/download/vinyl-sourcemaps-apply-0.2.1.tgz"
        }
      }
    },
    "gulp-webserver": {
      "version": "0.9.1",
      "resolved": "http://registry.npm.taobao.org/gulp-webserver/download/gulp-webserver-0.9.1.tgz",
      "dev": true,
      "dependencies": {
        "connect": {
          "version": "http://registry.npm.taobao.org/connect/download/connect-3.6.6.tgz"
        },
        "connect-livereload": {
          "version": "http://registry.npm.taobao.org/connect-livereload/download/connect-livereload-0.4.1.tgz"
        },
        "gulp-util": {
          "version": "http://registry.npm.taobao.org/gulp-util/download/gulp-util-2.2.20.tgz",
          "dependencies": {
            "chalk": {
              "version": "http://registry.npm.taobao.org/chalk/download/chalk-0.5.1.tgz"
            },
            "dateformat": {
              "version": "http://registry.npm.taobao.org/dateformat/download/dateformat-1.0.12.tgz",
              "dependencies": {
                "get-stdin": {
                  "version": "http://registry.npm.taobao.org/get-stdin/download/get-stdin-4.0.1.tgz",
                  "bundled": true
                },
                "meow": {
                  "version": "http://registry.npm.taobao.org/meow/download/meow-3.7.0.tgz",
                  "bundled": true
                }
              }
            },
            "lodash._reinterpolate": {
              "version": "http://registry.npm.taobao.org/lodash._reinterpolate/download/lodash._reinterpolate-2.4.1.tgz"
            },
            "lodash.template": {
              "version": "http://registry.npm.taobao.org/lodash.template/download/lodash.template-2.4.1.tgz"
            },
            "minimist": {
              "version": "http://registry.npm.taobao.org/minimist/download/minimist-0.2.0.tgz"
            },
            "multipipe": {
              "version": "http://registry.npm.taobao.org/multipipe/download/multipipe-0.1.2.tgz"
            },
            "through2": {
              "version": "http://registry.npm.taobao.org/through2/download/through2-0.5.1.tgz"
            },
            "vinyl": {
              "version": "http://registry.npm.taobao.org/vinyl/download/vinyl-0.2.3.tgz"
            }
          }
        },
        "isarray": {
          "version": "http://registry.npm.taobao.org/isarray/download/isarray-0.0.1.tgz"
        },
        "node.extend": {
          "version": "http://registry.npm.taobao.org/node.extend/download/node.extend-1.1.7.tgz"
        },
        "open": {
          "version": "http://registry.npm.taobao.org/open/download/open-0.0.5.tgz"
        },
        "proxy-middleware": {
          "version": "http://registry.npm.taobao.org/proxy-middleware/download/proxy-middleware-0.5.1.tgz"
        },
        "serve-index": {
          "version": "http://registry.npm.taobao.org/serve-index/download/serve-index-1.9.1.tgz"
        },
        "serve-static": {
          "version": "http://registry.npm.taobao.org/serve-static/download/serve-static-1.13.2.tgz"
        },
        "through2": {
          "version": "http://registry.npm.taobao.org/through2/download/through2-0.5.1.tgz",
          "dependencies": {
            "readable-stream": {
              "version": "http://registry.npm.taobao.org/readable-stream/download/readable-stream-1.0.34.tgz"
            },
            "xtend": {
              "version": "http://registry.npm.taobao.org/xtend/download/xtend-3.0.0.tgz"
            }
          }
        },
        "tiny-lr": {
          "version": "http://registry.npm.taobao.org/tiny-lr/download/tiny-lr-0.1.4.tgz"
        },
        "watch": {
          "version": "http://registry.npm.taobao.org/watch/download/watch-0.11.0.tgz"
        }
      }
    },
    "http-errors": {
      "version": "1.6.3",
      "resolved": "http://registry.npm.taobao.org/http-errors/download/http-errors-1.6.3.tgz",
      "dev": true,
      "dependencies": {
        "depd": {
          "version": "http://registry.npm.taobao.org/depd/download/depd-1.1.2.tgz",
          "bundled": true
        },
        "inherits": {
          "version": "http://registry.npm.taobao.org/inherits/download/inherits-2.0.3.tgz",
          "bundled": true
        },
        "setprototypeof": {
          "version": "http://registry.npm.taobao.org/setprototypeof/download/setprototypeof-1.1.0.tgz",
          "bundled": true
        },
        "statuses": {
          "version": "http://registry.npm.taobao.org/statuses/download/statuses-1.5.0.tgz",
          "bundled": true
        }
      }
    },
    "media-typer": {
      "version": "0.3.0",
      "resolved": "http://registry.npm.taobao.org/media-typer/download/media-typer-0.3.0.tgz",
      "dev": true
    },
    "on-finished": {
      "version": "2.3.0",
      "resolved": "http://registry.npm.taobao.org/on-finished/download/on-finished-2.3.0.tgz",
      "dev": true,
      "requires": {
        "ee-first": "1.1.1"
      },
      "dependencies": {
        "ee-first": {
          "version": "1.1.1",
          "resolved": "http://registry.npm.taobao.org/ee-first/download/ee-first-1.1.1.tgz",
          "dev": true
        }
      }
    },
    "qs": {
      "version": "6.5.2",
      "resolved": "http://registry.npm.taobao.org/qs/download/qs-6.5.2.tgz",
      "dev": true
    },
    "safer-buffer": {
      "version": "2.1.2",
      "resolved": "http://registry.npm.taobao.org/safer-buffer/download/safer-buffer-2.1.2.tgz",
      "dev": true
    },
    "unpipe": {
      "version": "1.0.0",
      "resolved": "http://registry.npm.taobao.org/unpipe/download/unpipe-1.0.0.tgz",
      "dev": true
    }
  }
}
